{
    "_readme": [
        "This file locks the dependencies of your project to a known state",
        "Read more about it at https://getcomposer.org/doc/01-basic-usage.md#installing-dependencies",
        "This file is @generated automatically"
    ],
    "content-hash": "95631568fa3f2c787d6a1a75ca2a9b28",
    "packages": [
        {
            "name": "neverbounce/neverbounce-php",
            "version": "v4.5.0",
            "source": {
                "type": "git",
                "url": "https://github.com/NeverBounce/NeverBounceAPI-PHP.git",
                "reference": "052058512e58f1641ac24a2a139b42f5b3e2f788"
            },
            "dist": {
                "type": "zip",
                "url": "https://api.github.com/repos/NeverBounce/NeverBounceAPI-PHP/zipball/052058512e58f1641ac24a2a139b42f5b3e2f788",
                "reference": "052058512e58f1641ac24a2a139b42f5b3e2f788",
                "shasum": ""
            },
            "require": {
                "ext-curl": "*",
                "ext-json": "*",
                "php": ">=7.1.0"
            },
            "require-dev": {
                "phpstan/phpstan": "^0.11.6",
                "phpunit/phpunit": "^7.0",
                "squizlabs/php_codesniffer": "3.*"
            },
            "type": "library",
            "autoload": {
                "psr-4": {
                    "NeverBounce\\": "src/"
                }
            },
            "notification-url": "https://packagist.org/downloads/",
            "license": [
                "MIT"
            ],
            "authors": [
                {
                    "name": "Michael Mollick",
                    "email": "mike@neverbounce.com"
                },
                {
                    "name": "Ankur Pandit",
                    "email": "ankur@neverbounce.com"
                }
            ],
            "description": "This package provides convenient methods to integrate the NeverBounce API into your project.",
            "homepage": "https://neverbounce.com",
            "keywords": [
                "email",
                "email validation",
                "validation",
                "verification"
            ],
            "support": {
                "issues": "https://github.com/NeverBounce/NeverBounceAPI-PHP/issues",
                "source": "https://github.com/NeverBounce/NeverBounceAPI-PHP/tree/master"
            },
            "time": "2020-08-03T20:56:09+00:00"
        }
    ],
    "packages-dev": [],
    "aliases": [],
    "minimum-stability": "stable",
    "stability-flags": [],
    "prefer-stable": false,
    "prefer-lowest": false,
    "platform": [],
    "platform-dev": [],
    "plugin-api-version": "2.3.0"
}
